{
  "version": "5",
  "specifiers": {
    "jsr:@supabase/functions-js@*": "2.89.0"
  },
  "jsr": {
    "@supabase/functions-js@2.89.0": {
      "integrity": "9b7c4224a25fe62c27a35b49be9a52d134b45238ccbb2efeb21529227c7351a5"
    }
  },
  "workspace": {
    "dependencies": [
      "jsr:@supabase/functions-js@*"
    ]
  }
}
